
Microsoft Visual Studio Solution File, Format Version 12.00
# Visual Studio Version 17
VisualStudioVersion = 17.2.32630.192
MinimumVisualStudioVersion = 10.0.40219.1
Project("{9A19103F-16F7-4668-BE54-9A1E7A4F7556}") = "Messenger.API", "Messenger.API.csproj", "{A1362399-150E-49BD-BFF2-19204D9CB324}"
EndProject
Project("{2150E333-8FDC-42A3-9474-1A3956D46DE8}") = "Presentation", "Presentation", "{C64A34A2-3541-4234-A84A-9C06B3673D4A}"
EndProject
Project("{2150E333-8FDC-42A3-9474-1A3956D46DE8}") = "Core", "Core", "{AEA8A966-4920-4123-9483-6C9708D9696B}"
EndProject
Project("{2150E333-8FDC-42A3-9474-1A3956D46DE8}") = "Infrastructure", "Infrastructure", "{3BE81F37-1044-4A52-8B1B-9F1E73AA3502}"
EndProject
Project("{2150E333-8FDC-42A3-9474-1A3956D46DE8}") = "Common", "Common", "{F6170F10-1D8E-4B4C-A16A-16910C84D5AB}"
EndProject
Project("{9A19103F-16F7-4668-BE54-9A1E7A4F7556}") = "Messenger.DBContext", "Messenger.DBContext\Messenger.DBContext.csproj", "{9BBB75D4-1717-436B-A4ED-163D8227EFA8}"
EndProject
Project("{9A19103F-16F7-4668-BE54-9A1E7A4F7556}") = "Messenger.Infrastructure", "MessengerInfrastructure\Messenger.Infrastructure.csproj", "{92EE2FEE-DFD7-4BBB-BB6F-7B0B30E12973}"
EndProject
Project("{9A19103F-16F7-4668-BE54-9A1E7A4F7556}") = "Messenger.Application", "MessengerService\Messenger.Application.csproj", "{D549870A-EC4D-4D16-9496-2AA4BB338CBE}"
EndProject
Project("{9A19103F-16F7-4668-BE54-9A1E7A4F7556}") = "Messenger.Domain", "Messenger.Domain\Messenger.Domain.csproj", "{BC298E69-3FAB-4DCE-B303-9A2F1DABC8EF}"
EndProject
Project("{9A19103F-16F7-4668-BE54-9A1E7A4F7556}") = "Messenger.Entities", "Messenger.Entities\Messenger.Entities.csproj", "{120AE588-9CA4-454B-80F2-EA0A092009AB}"
EndProject
Global
	GlobalSection(SolutionConfigurationPlatforms) = preSolution
		Debug|Any CPU = Debug|Any CPU
		Release|Any CPU = Release|Any CPU
	EndGlobalSection
	GlobalSection(ProjectConfigurationPlatforms) = postSolution
		{A1362399-150E-49BD-BFF2-19204D9CB324}.Debug|Any CPU.ActiveCfg = Debug|Any CPU
		{A1362399-150E-49BD-BFF2-19204D9CB324}.Debug|Any CPU.Build.0 = Debug|Any CPU
		{A1362399-150E-49BD-BFF2-19204D9CB324}.Release|Any CPU.ActiveCfg = Release|Any CPU
		{A1362399-150E-49BD-BFF2-19204D9CB324}.Release|Any CPU.Build.0 = Release|Any CPU
		{9BBB75D4-1717-436B-A4ED-163D8227EFA8}.Debug|Any CPU.ActiveCfg = Debug|Any CPU
		{9BBB75D4-1717-436B-A4ED-163D8227EFA8}.Debug|Any CPU.Build.0 = Debug|Any CPU
		{9BBB75D4-1717-436B-A4ED-163D8227EFA8}.Release|Any CPU.ActiveCfg = Release|Any CPU
		{9BBB75D4-1717-436B-A4ED-163D8227EFA8}.Release|Any CPU.Build.0 = Release|Any CPU
		{92EE2FEE-DFD7-4BBB-BB6F-7B0B30E12973}.Debug|Any CPU.ActiveCfg = Debug|Any CPU
		{92EE2FEE-DFD7-4BBB-BB6F-7B0B30E12973}.Debug|Any CPU.Build.0 = Debug|Any CPU
		{92EE2FEE-DFD7-4BBB-BB6F-7B0B30E12973}.Release|Any CPU.ActiveCfg = Release|Any CPU
		{92EE2FEE-DFD7-4BBB-BB6F-7B0B30E12973}.Release|Any CPU.Build.0 = Release|Any CPU
		{D549870A-EC4D-4D16-9496-2AA4BB338CBE}.Debug|Any CPU.ActiveCfg = Debug|Any CPU
		{D549870A-EC4D-4D16-9496-2AA4BB338CBE}.Debug|Any CPU.Build.0 = Debug|Any CPU
		{D549870A-EC4D-4D16-9496-2AA4BB338CBE}.Release|Any CPU.ActiveCfg = Release|Any CPU
		{D549870A-EC4D-4D16-9496-2AA4BB338CBE}.Release|Any CPU.Build.0 = Release|Any CPU
		{BC298E69-3FAB-4DCE-B303-9A2F1DABC8EF}.Debug|Any CPU.ActiveCfg = Debug|Any CPU
		{BC298E69-3FAB-4DCE-B303-9A2F1DABC8EF}.Debug|Any CPU.Build.0 = Debug|Any CPU
		{BC298E69-3FAB-4DCE-B303-9A2F1DABC8EF}.Release|Any CPU.ActiveCfg = Release|Any CPU
		{BC298E69-3FAB-4DCE-B303-9A2F1DABC8EF}.Release|Any CPU.Build.0 = Release|Any CPU
		{120AE588-9CA4-454B-80F2-EA0A092009AB}.Debug|Any CPU.ActiveCfg = Debug|Any CPU
		{120AE588-9CA4-454B-80F2-EA0A092009AB}.Debug|Any CPU.Build.0 = Debug|Any CPU
		{120AE588-9CA4-454B-80F2-EA0A092009AB}.Release|Any CPU.ActiveCfg = Release|Any CPU
		{120AE588-9CA4-454B-80F2-EA0A092009AB}.Release|Any CPU.Build.0 = Release|Any CPU
	EndGlobalSection
	GlobalSection(SolutionProperties) = preSolution
		HideSolutionNode = FALSE
	EndGlobalSection
	GlobalSection(NestedProjects) = preSolution
		{A1362399-150E-49BD-BFF2-19204D9CB324} = {C64A34A2-3541-4234-A84A-9C06B3673D4A}
		{9BBB75D4-1717-436B-A4ED-163D8227EFA8} = {3BE81F37-1044-4A52-8B1B-9F1E73AA3502}
		{92EE2FEE-DFD7-4BBB-BB6F-7B0B30E12973} = {3BE81F37-1044-4A52-8B1B-9F1E73AA3502}
		{D549870A-EC4D-4D16-9496-2AA4BB338CBE} = {AEA8A966-4920-4123-9483-6C9708D9696B}
		{BC298E69-3FAB-4DCE-B303-9A2F1DABC8EF} = {AEA8A966-4920-4123-9483-6C9708D9696B}
		{120AE588-9CA4-454B-80F2-EA0A092009AB} = {AEA8A966-4920-4123-9483-6C9708D9696B}
	EndGlobalSection
	GlobalSection(ExtensibilityGlobals) = postSolution
		SolutionGuid = {AEBDBDC6-305D-49CC-987A-452D0E9BDC82}
	EndGlobalSection
EndGlobal
