
Microsoft Visual Studio Solution File, Format Version 12.00
# Visual Studio Version 17
VisualStudioVersion = 17.2.32630.192
MinimumVisualStudioVersion = 10.0.40219.1
Project("{9A19103F-16F7-4668-BE54-9A1E7A4F7556}") = "MessengerAPI", "MessengerAPI.csproj", "{A1362399-150E-49BD-BFF2-19204D9CB324}"
EndProject
Project("{2150E333-8FDC-42A3-9474-1A3956D46DE8}") = "Presentation", "Presentation", "{C64A34A2-3541-4234-A84A-9C06B3673D4A}"
EndProject
Project("{2150E333-8FDC-42A3-9474-1A3956D46DE8}") = "Application", "Application", "{AEA8A966-4920-4123-9483-6C9708D9696B}"
EndProject
Project("{2150E333-8FDC-42A3-9474-1A3956D46DE8}") = "Infrastructure", "Infrastructure", "{3BE81F37-1044-4A52-8B1B-9F1E73AA3502}"
EndProject
Project("{9A19103F-16F7-4668-BE54-9A1E7A4F7556}") = "MessengerService", "..\MessengerService\MessengerService.csproj", "{B13A2D2E-EDD7-4839-AC6B-AA8323352F32}"
EndProject
Project("{9A19103F-16F7-4668-BE54-9A1E7A4F7556}") = "MessengerInfrastructure", "..\MessengerInfrastructure\MessengerInfrastructure.csproj", "{DC8AFDDF-BC8F-4C83-BB61-300363C67284}"
EndProject
Global
	GlobalSection(SolutionConfigurationPlatforms) = preSolution
		Debug|Any CPU = Debug|Any CPU
		Release|Any CPU = Release|Any CPU
	EndGlobalSection
	GlobalSection(ProjectConfigurationPlatforms) = postSolution
		{A1362399-150E-49BD-BFF2-19204D9CB324}.Debug|Any CPU.ActiveCfg = Debug|Any CPU
		{A1362399-150E-49BD-BFF2-19204D9CB324}.Debug|Any CPU.Build.0 = Debug|Any CPU
		{A1362399-150E-49BD-BFF2-19204D9CB324}.Release|Any CPU.ActiveCfg = Release|Any CPU
		{A1362399-150E-49BD-BFF2-19204D9CB324}.Release|Any CPU.Build.0 = Release|Any CPU
		{B13A2D2E-EDD7-4839-AC6B-AA8323352F32}.Debug|Any CPU.ActiveCfg = Debug|Any CPU
		{B13A2D2E-EDD7-4839-AC6B-AA8323352F32}.Debug|Any CPU.Build.0 = Debug|Any CPU
		{B13A2D2E-EDD7-4839-AC6B-AA8323352F32}.Release|Any CPU.ActiveCfg = Release|Any CPU
		{B13A2D2E-EDD7-4839-AC6B-AA8323352F32}.Release|Any CPU.Build.0 = Release|Any CPU
		{DC8AFDDF-BC8F-4C83-BB61-300363C67284}.Debug|Any CPU.ActiveCfg = Debug|Any CPU
		{DC8AFDDF-BC8F-4C83-BB61-300363C67284}.Debug|Any CPU.Build.0 = Debug|Any CPU
		{DC8AFDDF-BC8F-4C83-BB61-300363C67284}.Release|Any CPU.ActiveCfg = Release|Any CPU
		{DC8AFDDF-BC8F-4C83-BB61-300363C67284}.Release|Any CPU.Build.0 = Release|Any CPU
	EndGlobalSection
	GlobalSection(SolutionProperties) = preSolution
		HideSolutionNode = FALSE
	EndGlobalSection
	GlobalSection(NestedProjects) = preSolution
		{A1362399-150E-49BD-BFF2-19204D9CB324} = {C64A34A2-3541-4234-A84A-9C06B3673D4A}
		{B13A2D2E-EDD7-4839-AC6B-AA8323352F32} = {AEA8A966-4920-4123-9483-6C9708D9696B}
		{DC8AFDDF-BC8F-4C83-BB61-300363C67284} = {3BE81F37-1044-4A52-8B1B-9F1E73AA3502}
	EndGlobalSection
	GlobalSection(ExtensibilityGlobals) = postSolution
		SolutionGuid = {AEBDBDC6-305D-49CC-987A-452D0E9BDC82}
	EndGlobalSection
EndGlobal
